
Microsoft Visual Studio Solution File, Format Version 12.00
# Visual Studio Version 17
VisualStudioVersion = 17.11.35327.3
MinimumVisualStudioVersion = 10.0.40219.1
Project("{9A19103F-16F7-4668-BE54-9A1E7A4F7556}") = "Dealer.API", "Dealer.API.csproj", "{F79994DD-8D61-4E3E-A560-4443EFABCF7D}"
EndProject
Project("{9A19103F-16F7-4668-BE54-9A1E7A4F7556}") = "Models&Services", "..\Models&Services\Models&Services.csproj", "{80A4AF29-197C-42A1-B3BB-5A7A803FCCAD}"
EndProject
Project("{9A19103F-16F7-4668-BE54-9A1E7A4F7556}") = "Dealer.Client2", "..\Dealer.Client2\Dealer.Client2.csproj", "{B2AE129B-BB03-4F44-B60B-3A28EE16D390}"
	ProjectSection(ProjectDependencies) = postProject
		{F79994DD-8D61-4E3E-A560-4443EFABCF7D} = {F79994DD-8D61-4E3E-A560-4443EFABCF7D}
	EndProjectSection
EndProject
Global
	GlobalSection(SolutionConfigurationPlatforms) = preSolution
		Debug|Any CPU = Debug|Any CPU
		Release|Any CPU = Release|Any CPU
	EndGlobalSection
	GlobalSection(ProjectConfigurationPlatforms) = postSolution
		{F79994DD-8D61-4E3E-A560-4443EFABCF7D}.Debug|Any CPU.ActiveCfg = Debug|Any CPU
		{F79994DD-8D61-4E3E-A560-4443EFABCF7D}.Debug|Any CPU.Build.0 = Debug|Any CPU
		{F79994DD-8D61-4E3E-A560-4443EFABCF7D}.Release|Any CPU.ActiveCfg = Release|Any CPU
		{F79994DD-8D61-4E3E-A560-4443EFABCF7D}.Release|Any CPU.Build.0 = Release|Any CPU
		{80A4AF29-197C-42A1-B3BB-5A7A803FCCAD}.Debug|Any CPU.ActiveCfg = Debug|Any CPU
		{80A4AF29-197C-42A1-B3BB-5A7A803FCCAD}.Debug|Any CPU.Build.0 = Debug|Any CPU
		{80A4AF29-197C-42A1-B3BB-5A7A803FCCAD}.Release|Any CPU.ActiveCfg = Release|Any CPU
		{80A4AF29-197C-42A1-B3BB-5A7A803FCCAD}.Release|Any CPU.Build.0 = Release|Any CPU
		{B2AE129B-BB03-4F44-B60B-3A28EE16D390}.Debug|Any CPU.ActiveCfg = Debug|Any CPU
		{B2AE129B-BB03-4F44-B60B-3A28EE16D390}.Debug|Any CPU.Build.0 = Debug|Any CPU
		{B2AE129B-BB03-4F44-B60B-3A28EE16D390}.Release|Any CPU.ActiveCfg = Release|Any CPU
		{B2AE129B-BB03-4F44-B60B-3A28EE16D390}.Release|Any CPU.Build.0 = Release|Any CPU
	EndGlobalSection
	GlobalSection(SolutionProperties) = preSolution
		HideSolutionNode = FALSE
	EndGlobalSection
	GlobalSection(ExtensibilityGlobals) = postSolution
		SolutionGuid = {026E6571-D9FA-4BE0-8240-E0FAA975DAC3}
	EndGlobalSection
EndGlobal
